
Microsoft Visual Studio Solution File, Format Version 12.00
# Visual Studio 15
VisualStudioVersion = 15.0.28307.1738
MinimumVisualStudioVersion = 10.0.40219.1
Project("{FAE04EC0-301F-11D3-BF4B-00C04F79EFBC}") = "DYUCoreApp", "DYUCoreApp\DYUCoreApp.csproj", "{101A0004-592C-4CD7-B3D1-E751FDFDBB9D}"
EndProject
Project("{2150E333-8FDC-42A3-9474-1A3956D46DE8}") = "1 - Presentation", "1 - Presentation", "{04EACB17-95F6-4A9D-945D-3D12B8EDDBA5}"
EndProject
Project("{2150E333-8FDC-42A3-9474-1A3956D46DE8}") = "2 - Application", "2 - Application", "{28AFB6EC-00F0-4916-8D56-096F5F385A42}"
EndProject
Project("{2150E333-8FDC-42A3-9474-1A3956D46DE8}") = "3 - Domain", "3 - Domain", "{5071292E-4008-4970-8798-51ACF3DB1181}"
EndProject
Project("{2150E333-8FDC-42A3-9474-1A3956D46DE8}") = "4 - Infrastructure", "4 - Infrastructure", "{CE55A19D-0336-43D2-B6AF-317AC5149D74}"
EndProject
Project("{FAE04EC0-301F-11D3-BF4B-00C04F79EFBC}") = "DYUCoreApp.Infrastructure", "DYUCoreApp.Infrastructure\DYUCoreApp.Infrastructure.csproj", "{AAB64F74-C98A-4E05-8DA5-D287FC228E56}"
EndProject
Project("{FAE04EC0-301F-11D3-BF4B-00C04F79EFBC}") = "DYUCoreApp.Data", "DYUCoreApp.Data\DYUCoreApp.Data.csproj", "{E0309943-F4FA-4F9F-87BE-A00AB3E6E11A}"
EndProject
Project("{FAE04EC0-301F-11D3-BF4B-00C04F79EFBC}") = "TeduCoreApp.Data.EF", "TeduCoreApp.Data.EF\TeduCoreApp.Data.EF.csproj", "{2A8AE3D2-C0AD-4FFE-8618-3B117FEBF367}"
EndProject
Project("{FAE04EC0-301F-11D3-BF4B-00C04F79EFBC}") = "TeduCoreApp.Utilities", "TeduCoreApp.Utilities\TeduCoreApp.Utilities.csproj", "{4AE96836-62F2-4849-90E6-C3F10EA56B49}"
EndProject
Project("{FAE04EC0-301F-11D3-BF4B-00C04F79EFBC}") = "DYUCoreApp.Application", "DYUCoreApp.Application\DYUCoreApp.Application.csproj", "{AD2DCB78-DA47-4DFB-9028-6843CBFC6CF9}"
EndProject
Global
	GlobalSection(SolutionConfigurationPlatforms) = preSolution
		Debug|Any CPU = Debug|Any CPU
		Release|Any CPU = Release|Any CPU
	EndGlobalSection
	GlobalSection(ProjectConfigurationPlatforms) = postSolution
		{101A0004-592C-4CD7-B3D1-E751FDFDBB9D}.Debug|Any CPU.ActiveCfg = Debug|Any CPU
		{101A0004-592C-4CD7-B3D1-E751FDFDBB9D}.Debug|Any CPU.Build.0 = Debug|Any CPU
		{101A0004-592C-4CD7-B3D1-E751FDFDBB9D}.Release|Any CPU.ActiveCfg = Release|Any CPU
		{101A0004-592C-4CD7-B3D1-E751FDFDBB9D}.Release|Any CPU.Build.0 = Release|Any CPU
		{AAB64F74-C98A-4E05-8DA5-D287FC228E56}.Debug|Any CPU.ActiveCfg = Debug|Any CPU
		{AAB64F74-C98A-4E05-8DA5-D287FC228E56}.Debug|Any CPU.Build.0 = Debug|Any CPU
		{AAB64F74-C98A-4E05-8DA5-D287FC228E56}.Release|Any CPU.ActiveCfg = Release|Any CPU
		{AAB64F74-C98A-4E05-8DA5-D287FC228E56}.Release|Any CPU.Build.0 = Release|Any CPU
		{E0309943-F4FA-4F9F-87BE-A00AB3E6E11A}.Debug|Any CPU.ActiveCfg = Debug|Any CPU
		{E0309943-F4FA-4F9F-87BE-A00AB3E6E11A}.Debug|Any CPU.Build.0 = Debug|Any CPU
		{E0309943-F4FA-4F9F-87BE-A00AB3E6E11A}.Release|Any CPU.ActiveCfg = Release|Any CPU
		{E0309943-F4FA-4F9F-87BE-A00AB3E6E11A}.Release|Any CPU.Build.0 = Release|Any CPU
		{2A8AE3D2-C0AD-4FFE-8618-3B117FEBF367}.Debug|Any CPU.ActiveCfg = Debug|Any CPU
		{2A8AE3D2-C0AD-4FFE-8618-3B117FEBF367}.Debug|Any CPU.Build.0 = Debug|Any CPU
		{2A8AE3D2-C0AD-4FFE-8618-3B117FEBF367}.Release|Any CPU.ActiveCfg = Release|Any CPU
		{2A8AE3D2-C0AD-4FFE-8618-3B117FEBF367}.Release|Any CPU.Build.0 = Release|Any CPU
		{4AE96836-62F2-4849-90E6-C3F10EA56B49}.Debug|Any CPU.ActiveCfg = Debug|Any CPU
		{4AE96836-62F2-4849-90E6-C3F10EA56B49}.Debug|Any CPU.Build.0 = Debug|Any CPU
		{4AE96836-62F2-4849-90E6-C3F10EA56B49}.Release|Any CPU.ActiveCfg = Release|Any CPU
		{4AE96836-62F2-4849-90E6-C3F10EA56B49}.Release|Any CPU.Build.0 = Release|Any CPU
		{AD2DCB78-DA47-4DFB-9028-6843CBFC6CF9}.Debug|Any CPU.ActiveCfg = Debug|Any CPU
		{AD2DCB78-DA47-4DFB-9028-6843CBFC6CF9}.Debug|Any CPU.Build.0 = Debug|Any CPU
		{AD2DCB78-DA47-4DFB-9028-6843CBFC6CF9}.Release|Any CPU.ActiveCfg = Release|Any CPU
		{AD2DCB78-DA47-4DFB-9028-6843CBFC6CF9}.Release|Any CPU.Build.0 = Release|Any CPU
	EndGlobalSection
	GlobalSection(SolutionProperties) = preSolution
		HideSolutionNode = FALSE
	EndGlobalSection
	GlobalSection(NestedProjects) = preSolution
		{101A0004-592C-4CD7-B3D1-E751FDFDBB9D} = {04EACB17-95F6-4A9D-945D-3D12B8EDDBA5}
		{AAB64F74-C98A-4E05-8DA5-D287FC228E56} = {CE55A19D-0336-43D2-B6AF-317AC5149D74}
		{E0309943-F4FA-4F9F-87BE-A00AB3E6E11A} = {5071292E-4008-4970-8798-51ACF3DB1181}
		{2A8AE3D2-C0AD-4FFE-8618-3B117FEBF367} = {5071292E-4008-4970-8798-51ACF3DB1181}
		{4AE96836-62F2-4849-90E6-C3F10EA56B49} = {CE55A19D-0336-43D2-B6AF-317AC5149D74}
		{AD2DCB78-DA47-4DFB-9028-6843CBFC6CF9} = {28AFB6EC-00F0-4916-8D56-096F5F385A42}
	EndGlobalSection
	GlobalSection(ExtensibilityGlobals) = postSolution
		SolutionGuid = {E2433CE8-F6F9-4A28-8CA4-99680006A6ED}
	EndGlobalSection
EndGlobal
